
Microsoft Visual Studio Solution File, Format Version 12.00
# Visual Studio Version 16
VisualStudioVersion = 16.0.29215.179
MinimumVisualStudioVersion = 10.0.40219.1
Project("{FAE04EC0-301F-11D3-BF4B-00C04F79EFBC}") = "Tarot Card actual", "Tarot Card actual\Tarot Card actual.csproj", "{246A9158-7CB8-4CA7-8730-F68AF0B03330}"
EndProject
Global
	GlobalSection(SolutionConfigurationPlatforms) = preSolution
		Debug|Any CPU = Debug|Any CPU
		Release|Any CPU = Release|Any CPU
	EndGlobalSection
	GlobalSection(ProjectConfigurationPlatforms) = postSolution
		{246A9158-7CB8-4CA7-8730-F68AF0B03330}.Debug|Any CPU.ActiveCfg = Debug|Any CPU
		{246A9158-7CB8-4CA7-8730-F68AF0B03330}.Debug|Any CPU.Build.0 = Debug|Any CPU
		{246A9158-7CB8-4CA7-8730-F68AF0B03330}.Release|Any CPU.ActiveCfg = Release|Any CPU
		{246A9158-7CB8-4CA7-8730-F68AF0B03330}.Release|Any CPU.Build.0 = Release|Any CPU
	EndGlobalSection
	GlobalSection(SolutionProperties) = preSolution
		HideSolutionNode = FALSE
	EndGlobalSection
	GlobalSection(ExtensibilityGlobals) = postSolution
		SolutionGuid = {8F9D8531-B8F2-47F9-8895-C889996C083C}
	EndGlobalSection
EndGlobal
